// !$*UTF8*$!
{
	archiveVersion = 1;
	classes = {
	};
	objectVersion = 50;
	objects = {

/* Begin PBXBuildFile section */
		6AB32B1327645BEE00FB55BB /* AppDelegate.swift in Sources */ = {isa = PBXBuildFile; fileRef = 6AB32B1227645BEE00FB55BB /* AppDelegate.swift */; };
		6AB32B1527645BEE00FB55BB /* SceneDelegate.swift in Sources */ = {isa = PBXBuildFile; fileRef = 6AB32B1427645BEE00FB55BB /* SceneDelegate.swift */; };
		6AB32B1727645BEE00FB55BB /* ContentView.swift in Sources */ = {isa = PBXBuildFile; fileRef = 6AB32B1627645BEE00FB55BB /* ContentView.swift */; };
		6AB32B1A27645BEE00FB55BB /* Calculator.xcdatamodeld in Sources */ = {isa = PBXBuildFile; fileRef = 6AB32B1827645BEE00FB55BB /* Calculator.xcdatamodeld */; };
		6AB32B1C27645BF200FB55BB /* Assets.xcassets in Resources */ = {isa = PBXBuildFile; fileRef = 6AB32B1B27645BF200FB55BB /* Assets.xcassets */; };
		6AB32B1F27645BF200FB55BB /* Preview Assets.xcassets in Resources */ = {isa = PBXBuildFile; fileRef = 6AB32B1E27645BF200FB55BB /* Preview Assets.xcassets */; };
		6AB32B2227645BF200FB55BB /* LaunchScreen.storyboard in Resources */ = {isa = PBXBuildFile; fileRef = 6AB32B2027645BF200FB55BB /* LaunchScreen.storyboard */; };
		6AB32B2D27645BF200FB55BB /* CalculatorTests.swift in Sources */ = {isa = PBXBuildFile; fileRef = 6AB32B2C27645BF200FB55BB /* CalculatorTests.swift */; };
		6AB32B3827645BF200FB55BB /* CalculatorUITests.swift in Sources */ = {isa = PBXBuildFile; fileRef = 6AB32B3727645BF200FB55BB /* CalculatorUITests.swift */; };
/* End PBXBuildFile section */

/* Begin PBXContainerItemProxy section */
		6AB32B2927645BF200FB55BB /* PBXContainerItemProxy */ = {
			isa = PBXContainerItemProxy;
			containerPortal = 6AB32B0727645BEE00FB55BB /* Project object */;
			proxyType = 1;
			remoteGlobalIDString = 6AB32B0E27645BEE00FB55BB;
			remoteInfo = Calculator;
		};
		6AB32B3427645BF200FB55BB /* PBXContainerItemProxy */ = {
			isa = PBXContainerItemProxy;
			containerPortal = 6AB32B0727645BEE00FB55BB /* Project object */;
			proxyType = 1;
			remoteGlobalIDString = 6AB32B0E27645BEE00FB55BB;
			remoteInfo = Calculator;
		};
/* End PBXContainerItemProxy section */

/* Begin PBXFileReference section */
		6AB32B0F27645BEE00FB55BB /* Calculator.app */ = {isa = PBXFileReference; explicitFileType = wrapper.application; includeInIndex = 0; path = Calculator.app; sourceTree = BUILT_PRODUCTS_DIR; };
		6AB32B1227645BEE00FB55BB /* AppDelegate.swift */ = {isa = PBXFileReference; lastKnownFileType = sourcecode.swift; path = AppDelegate.swift; sourceTree = "<group>"; };
		6AB32B1427645BEE00FB55BB /* SceneDelegate.swift */ = {isa = PBXFileReference; lastKnownFileType = sourcecode.swift; path = SceneDelegate.swift; sourceTree = "<group>"; };
		6AB32B1627645BEE00FB55BB /* ContentView.swift */ = {isa = PBXFileReference; lastKnownFileType = sourcecode.swift; path = ContentView.swift; sourceTree = "<group>"; };
		6AB32B1927645BEE00FB55BB /* Calculator.xcdatamodel */ = {isa = PBXFileReference; lastKnownFileType = wrapper.xcdatamodel; path = Calculator.xcdatamodel; sourceTree = "<group>"; };
		6AB32B1B27645BF200FB55BB /* Assets.xcassets */ = {isa = PBXFileReference; lastKnownFileType = folder.assetcatalog; path = Assets.xcassets; sourceTree = "<group>"; };
		6AB32B1E27645BF200FB55BB /* Preview Assets.xcassets */ = {isa = PBXFileReference; lastKnownFileType = folder.assetcatalog; path = "Preview Assets.xcassets"; sourceTree = "<group>"; };
		6AB32B2127645BF200FB55BB /* Base */ = {isa = PBXFileReference; lastKnownFileType = file.storyboard; name = Base; path = Base.lproj/LaunchScreen.storyboard; sourceTree = "<group>"; };
		6AB32B2327645BF200FB55BB /* Info.plist */ = {isa = PBXFileReference; lastKnownFileType = text.plist.xml; path = Info.plist; sourceTree = "<group>"; };
		6AB32B2827645BF200FB55BB /* CalculatorTests.xctest */ = {isa = PBXFileReference; explicitFileType = wrapper.cfbundle; includeInIndex = 0; path = CalculatorTests.xctest; sourceTree = BUILT_PRODUCTS_DIR; };
		6AB32B2C27645BF200FB55BB /* CalculatorTests.swift */ = {isa = PBXFileReference; lastKnownFileType = sourcecode.swift; path = CalculatorTests.swift; sourceTree = "<group>"; };
		6AB32B2E27645BF200FB55BB /* Info.plist */ = {isa = PBXFileReference; lastKnownFileType = text.plist.xml; path = Info.plist; sourceTree = "<group>"; };
		6AB32B3327645BF200FB55BB /* CalculatorUITests.xctest */ = {isa = PBXFileReference; explicitFileType = wrapper.cfbundle; includeInIndex = 0; path = CalculatorUITests.xctest; sourceTree = BUILT_PRODUCTS_DIR; };
		6AB32B3727645BF200FB55BB /* CalculatorUITests.swift */ = {isa = PBXFileReference; lastKnownFileType = sourcecode.swift; path = CalculatorUITests.swift; sourceTree = "<group>"; };
		6AB32B3927645BF200FB55BB /* Info.plist */ = {isa = PBXFileReference; lastKnownFileType = text.plist.xml; path = Info.plist; sourceTree = "<group>"; };
/* End PBXFileReference section */

/* Begin PBXFrameworksBuildPhase section */
		6AB32B0C27645BEE00FB55BB /* Frameworks */ = {
			isa = PBXFrameworksBuildPhase;
			buildActionMask = 2147483647;
			files = (
			);
			runOnlyForDeploymentPostprocessing = 0;
		};
		6AB32B2527645BF200FB55BB /* Frameworks */ = {
			isa = PBXFrameworksBuildPhase;
			buildActionMask = 2147483647;
			files = (
			);
			runOnlyForDeploymentPostprocessing = 0;
		};
		6AB32B3027645BF200FB55BB /* Frameworks */ = {
			isa = PBXFrameworksBuildPhase;
			buildActionMask = 2147483647;
			files = (
			);
			runOnlyForDeploymentPostprocessing = 0;
		};
/* End PBXFrameworksBuildPhase section */

/* Begin PBXGroup section */
		6AB32B0627645BEE00FB55BB = {
			isa = PBXGroup;
			children = (
				6AB32B1127645BEE00FB55BB /* Calculator */,
				6AB32B2B27645BF200FB55BB /* CalculatorTests */,
				6AB32B3627645BF200FB55BB /* CalculatorUITests */,
				6AB32B1027645BEE00FB55BB /* Products */,
			);
			sourceTree = "<group>";
		};
		6AB32B1027645BEE00FB55BB /* Products */ = {
			isa = PBXGroup;
			children = (
				6AB32B0F27645BEE00FB55BB /* Calculator.app */,
				6AB32B2827645BF200FB55BB /* CalculatorTests.xctest */,
				6AB32B3327645BF200FB55BB /* CalculatorUITests.xctest */,
			);
			name = Products;
			sourceTree = "<group>";
		};
		6AB32B1127645BEE00FB55BB /* Calculator */ = {
			isa = PBXGroup;
			children = (
				6AB32B1227645BEE00FB55BB /* AppDelegate.swift */,
				6AB32B1427645BEE00FB55BB /* SceneDelegate.swift */,
				6AB32B1627645BEE00FB55BB /* ContentView.swift */,
				6AB32B1B27645BF200FB55BB /* Assets.xcassets */,
				6AB32B2027645BF200FB55BB /* LaunchScreen.storyboard */,
				6AB32B2327645BF200FB55BB /* Info.plist */,
				6AB32B1827645BEE00FB55BB /* Calculator.xcdatamodeld */,
				6AB32B1D27645BF200FB55BB /* Preview Content */,
			);
			path = Calculator;
			sourceTree = "<group>";
		};
		6AB32B1D27645BF200FB55BB /* Preview Content */ = {
			isa = PBXGroup;
			children = (
				6AB32B1E27645BF200FB55BB /* Preview Assets.xcassets */,
			);
			path = "Preview Content";
			sourceTree = "<group>";
		};
		6AB32B2B27645BF200FB55BB /* CalculatorTests */ = {
			isa = PBXGroup;
			children = (
				6AB32B2C27645BF200FB55BB /* CalculatorTests.swift */,
				6AB32B2E27645BF200FB55BB /* Info.plist */,
			);
			path = CalculatorTests;
			sourceTree = "<group>";
		};
		6AB32B3627645BF200FB55BB /* CalculatorUITests */ = {
			isa = PBXGroup;
			children = (
				6AB32B3727645BF200FB55BB /* CalculatorUITests.swift */,
				6AB32B3927645BF200FB55BB /* Info.plist */,
			);
			path = CalculatorUITests;
			sourceTree = "<group>";
		};
/* End PBXGroup section */

/* Begin PBXNativeTarget section */
		6AB32B0E27645BEE00FB55BB /* Calculator */ = {
			isa = PBXNativeTarget;
			buildConfigurationList = 6AB32B3C27645BF200FB55BB /* Build configuration list for PBXNativeTarget "Calculator" */;
			buildPhases = (
				6AB32B0B27645BEE00FB55BB /* Sources */,
				6AB32B0C27645BEE00FB55BB /* Frameworks */,
				6AB32B0D27645BEE00FB55BB /* Resources */,
			);
			buildRules = (
			);
			dependencies = (
			);
			name = Calculator;
			productName = Calculator;
			productReference = 6AB32B0F27645BEE00FB55BB /* Calculator.app */;
			productType = "com.apple.product-type.application";
		};
		6AB32B2727645BF200FB55BB /* CalculatorTests */ = {
			isa = PBXNativeTarget;
			buildConfigurationList = 6AB32B3F27645BF200FB55BB /* Build configuration list for PBXNativeTarget "CalculatorTests" */;
			buildPhases = (
				6AB32B2427645BF200FB55BB /* Sources */,
				6AB32B2527645BF200FB55BB /* Frameworks */,
				6AB32B2627645BF200FB55BB /* Resources */,
			);
			buildRules = (
			);
			dependencies = (
				6AB32B2A27645BF200FB55BB /* PBXTargetDependency */,
			);
			name = CalculatorTests;
			productName = CalculatorTests;
			productReference = 6AB32B2827645BF200FB55BB /* CalculatorTests.xctest */;
			productType = "com.apple.product-type.bundle.unit-test";
		};
		6AB32B3227645BF200FB55BB /* CalculatorUITests */ = {
			isa = PBXNativeTarget;
			buildConfigurationList = 6AB32B4227645BF200FB55BB /* Build configuration list for PBXNativeTarget "CalculatorUITests" */;
			buildPhases = (
				6AB32B2F27645BF200FB55BB /* Sources */,
				6AB32B3027645BF200FB55BB /* Frameworks */,
				6AB32B3127645BF200FB55BB /* Resources */,
			);
			buildRules = (
			);
			dependencies = (
				6AB32B3527645BF200FB55BB /* PBXTargetDependency */,
			);
			name = CalculatorUITests;
			productName = CalculatorUITests;
			productReference = 6AB32B3327645BF200FB55BB /* CalculatorUITests.xctest */;
			productType = "com.apple.product-type.bundle.ui-testing";
		};
/* End PBXNativeTarget section */

/* Begin PBXProject section */
		6AB32B0727645BEE00FB55BB /* Project object */ = {
			isa = PBXProject;
			attributes = {
				LastSwiftUpdateCheck = 1250;
				LastUpgradeCheck = 1250;
				TargetAttributes = {
					6AB32B0E27645BEE00FB55BB = {
						CreatedOnToolsVersion = 12.5;
					};
					6AB32B2727645BF200FB55BB = {
						CreatedOnToolsVersion = 12.5;
						TestTargetID = 6AB32B0E27645BEE00FB55BB;
					};
					6AB32B3227645BF200FB55BB = {
						CreatedOnToolsVersion = 12.5;
						TestTargetID = 6AB32B0E27645BEE00FB55BB;
					};
				};
			};
			buildConfigurationList = 6AB32B0A27645BEE00FB55BB /* Build configuration list for PBXProject "Calculator" */;
			compatibilityVersion = "Xcode 9.3";
			developmentRegion = en;
			hasScannedForEncodings = 0;
			knownRegions = (
				en,
				Base,
			);
			mainGroup = 6AB32B0627645BEE00FB55BB;
			productRefGroup = 6AB32B1027645BEE00FB55BB /* Products */;
			projectDirPath = "";
			projectRoot = "";
			targets = (
				6AB32B0E27645BEE00FB55BB /* Calculator */,
				6AB32B2727645BF200FB55BB /* CalculatorTests */,
				6AB32B3227645BF200FB55BB /* CalculatorUITests */,
			);
		};
/* End PBXProject section */

/* Begin PBXResourcesBuildPhase section */
		6AB32B0D27645BEE00FB55BB /* Resources */ = {
			isa = PBXResourcesBuildPhase;
			buildActionMask = 2147483647;
			files = (
				6AB32B2227645BF200FB55BB /* LaunchScreen.storyboard in Resources */,
				6AB32B1F27645BF200FB55BB /* Preview Assets.xcassets in Resources */,
				6AB32B1C27645BF200FB55BB /* Assets.xcassets in Resources */,
			);
			runOnlyForDeploymentPostprocessing = 0;
		};
		6AB32B2627645BF200FB55BB /* Resources */ = {
			isa = PBXResourcesBuildPhase;
			buildActionMask = 2147483647;
			files = (
			);
			runOnlyForDeploymentPostprocessing = 0;
		};
		6AB32B3127645BF200FB55BB /* Resources */ = {
			isa = PBXResourcesBuildPhase;
			buildActionMask = 2147483647;
			files = (
			);
			runOnlyForDeploymentPostprocessing = 0;
		};
/* End PBXResourcesBuildPhase section */

/* Begin PBXSourcesBuildPhase section */
		6AB32B0B27645BEE00FB55BB /* Sources */ = {
			isa = PBXSourcesBuildPhase;
			buildActionMask = 2147483647;
			files = (
				6AB32B1327645BEE00FB55BB /* AppDelegate.swift in Sources */,
				6AB32B1A27645BEE00FB55BB /* Calculator.xcdatamodeld in Sources */,
				6AB32B1527645BEE00FB55BB /* SceneDelegate.swift in Sources */,
				6AB32B1727645BEE00FB55BB /* ContentView.swift in Sources */,
			);
			runOnlyForDeploymentPostprocessing = 0;
		};
		6AB32B2427645BF200FB55BB /* Sources */ = {
			isa = PBXSourcesBuildPhase;
			buildActionMask = 2147483647;
			files = (
				6AB32B2D27645BF200FB55BB /* CalculatorTests.swift in Sources */,
			);
			runOnlyForDeploymentPostprocessing = 0;
		};
		6AB32B2F27645BF200FB55BB /* Sources */ = {
			isa = PBXSourcesBuildPhase;
			buildActionMask = 2147483647;
			files = (
				6AB32B3827645BF200FB55BB /* CalculatorUITests.swift in Sources */,
			);
			runOnlyForDeploymentPostprocessing = 0;
		};
/* End PBXSourcesBuildPhase section */

/* Begin PBXTargetDependency section */
		6AB32B2A27645BF200FB55BB /* PBXTargetDependency */ = {
			isa = PBXTargetDependency;
			target = 6AB32B0E27645BEE00FB55BB /* Calculator */;
			targetProxy = 6AB32B2927645BF200FB55BB /* PBXContainerItemProxy */;
		};
		6AB32B3527645BF200FB55BB /* PBXTargetDependency */ = {
			isa = PBXTargetDependency;
			target = 6AB32B0E27645BEE00FB55BB /* Calculator */;
			targetProxy = 6AB32B3427645BF200FB55BB /* PBXContainerItemProxy */;
		};
/* End PBXTargetDependency section */

/* Begin PBXVariantGroup section */
		6AB32B2027645BF200FB55BB /* LaunchScreen.storyboard */ = {
			isa = PBXVariantGroup;
			children = (
				6AB32B2127645BF200FB55BB /* Base */,
			);
			name = LaunchScreen.storyboard;
			sourceTree = "<group>";
		};
/* End PBXVariantGroup section */

/* Begin XCBuildConfiguration section */
		6AB32B3A27645BF200FB55BB /* Debug */ = {
			isa = XCBuildConfiguration;
			buildSettings = {
				ALWAYS_SEARCH_USER_PATHS = NO;
				CLANG_ANALYZER_NONNULL = YES;
				CLANG_ANALYZER_NUMBER_OBJECT_CONVERSION = YES_AGGRESSIVE;
				CLANG_CXX_LANGUAGE_STANDARD = "gnu++14";
				CLANG_CXX_LIBRARY = "libc++";
				CLANG_ENABLE_MODULES = YES;
				CLANG_ENABLE_OBJC_ARC = YES;
				CLANG_ENABLE_OBJC_WEAK = YES;
				CLANG_WARN_BLOCK_CAPTURE_AUTORELEASING = YES;
				CLANG_WARN_BOOL_CONVERSION = YES;
				CLANG_WARN_COMMA = YES;
				CLANG_WARN_CONSTANT_CONVERSION = YES;
				CLANG_WARN_DEPRECATED_OBJC_IMPLEMENTATIONS = YES;
				CLANG_WARN_DIRECT_OBJC_ISA_USAGE = YES_ERROR;
				CLANG_WARN_DOCUMENTATION_COMMENTS = YES;
				CLANG_WARN_EMPTY_BODY = YES;
				CLANG_WARN_ENUM_CONVERSION = YES;
				CLANG_WARN_INFINITE_RECURSION = YES;
				CLANG_WARN_INT_CONVERSION = YES;
				CLANG_WARN_NON_LITERAL_NULL_CONVERSION = YES;
				CLANG_WARN_OBJC_IMPLICIT_RETAIN_SELF = YES;
				CLANG_WARN_OBJC_LITERAL_CONVERSION = YES;
				CLANG_WARN_OBJC_ROOT_CLASS = YES_ERROR;
				CLANG_WARN_QUOTED_INCLUDE_IN_FRAMEWORK_HEADER = YES;
				CLANG_WARN_RANGE_LOOP_ANALYSIS = YES;
				CLANG_WARN_STRICT_PROTOTYPES = YES;
				CLANG_WARN_SUSPICIOUS_MOVE = YES;
				CLANG_WARN_UNGUARDED_AVAILABILITY = YES_AGGRESSIVE;
				CLANG_WARN_UNREACHABLE_CODE = YES;
				CLANG_WARN__DUPLICATE_METHOD_MATCH = YES;
				COPY_PHASE_STRIP = NO;
				DEBUG_INFORMATION_FORMAT = dwarf;
				ENABLE_STRICT_OBJC_MSGSEND = YES;
				ENABLE_TESTABILITY = YES;
				GCC_C_LANGUAGE_STANDARD = gnu11;
				GCC_DYNAMIC_NO_PIC = NO;
				GCC_NO_COMMON_BLOCKS = YES;
				GCC_OPTIMIZATION_LEVEL = 0;
				GCC_PREPROCESSOR_DEFINITIONS = (
					"DEBUG=1",
					"$(inherited)",
				);
				GCC_WARN_64_TO_32_BIT_CONVERSION = YES;
				GCC_WARN_ABOUT_RETURN_TYPE = YES_ERROR;
				GCC_WARN_UNDECLARED_SELECTOR = YES;
				GCC_WARN_UNINITIALIZED_AUTOS = YES_AGGRESSIVE;
				GCC_WARN_UNUSED_FUNCTION = YES;
				GCC_WARN_UNUSED_VARIABLE = YES;
				IPHONEOS_DEPLOYMENT_TARGET = 14.5;
				MTL_ENABLE_DEBUG_INFO = INCLUDE_SOURCE;
				MTL_FAST_MATH = YES;
				ONLY_ACTIVE_ARCH = YES;
				SDKROOT = iphoneos;
				SWIFT_ACTIVE_COMPILATION_CONDITIONS = DEBUG;
				SWIFT_OPTIMIZATION_LEVEL = "-Onone";
			};
			name = Debug;
		};
		6AB32B3B27645BF200FB55BB /* Release */ = {
			isa = XCBuildConfiguration;
			buildSettings = {
				ALWAYS_SEARCH_USER_PATHS = NO;
				CLANG_ANALYZER_NONNULL = YES;
				CLANG_ANALYZER_NUMBER_OBJECT_CONVERSION = YES_AGGRESSIVE;
				CLANG_CXX_LANGUAGE_STANDARD = "gnu++14";
				CLANG_CXX_LIBRARY = "libc++";
				CLANG_ENABLE_MODULES = YES;
				CLANG_ENABLE_OBJC_ARC = YES;
				CLANG_ENABLE_OBJC_WEAK = YES;
				CLANG_WARN_BLOCK_CAPTURE_AUTORELEASING = YES;
				CLANG_WARN_BOOL_CONVERSION = YES;
				CLANG_WARN_COMMA = YES;
				CLANG_WARN_CONSTANT_CONVERSION = YES;
				CLANG_WARN_DEPRECATED_OBJC_IMPLEMENTATIONS = YES;
				CLANG_WARN_DIRECT_OBJC_ISA_USAGE = YES_ERROR;
				CLANG_WARN_DOCUMENTATION_COMMENTS = YES;
				CLANG_WARN_EMPTY_BODY = YES;
				CLANG_WARN_ENUM_CONVERSION = YES;
				CLANG_WARN_INFINITE_RECURSION = YES;
				CLANG_WARN_INT_CONVERSION = YES;
				CLANG_WARN_NON_LITERAL_NULL_CONVERSION = YES;
				CLANG_WARN_OBJC_IMPLICIT_RETAIN_SELF = YES;
				CLANG_WARN_OBJC_LITERAL_CONVERSION = YES;
				CLANG_WARN_OBJC_ROOT_CLASS = YES_ERROR;
				CLANG_WARN_QUOTED_INCLUDE_IN_FRAMEWORK_HEADER = YES;
				CLANG_WARN_RANGE_LOOP_ANALYSIS = YES;
				CLANG_WARN_STRICT_PROTOTYPES = YES;
				CLANG_WARN_SUSPICIOUS_MOVE = YES;
				CLANG_WARN_UNGUARDED_AVAILABILITY = YES_AGGRESSIVE;
				CLANG_WARN_UNREACHABLE_CODE = YES;
				CLANG_WARN__DUPLICATE_METHOD_MATCH = YES;
				COPY_PHASE_STRIP = NO;
				DEBUG_INFORMATION_FORMAT = "dwarf-with-dsym";
				ENABLE_NS_ASSERTIONS = NO;
				ENABLE_STRICT_OBJC_MSGSEND = YES;
				GCC_C_LANGUAGE_STANDARD = gnu11;
				GCC_NO_COMMON_BLOCKS = YES;
				GCC_WARN_64_TO_32_BIT_CONVERSION = YES;
				GCC_WARN_ABOUT_RETURN_TYPE = YES_ERROR;
				GCC_WARN_UNDECLARED_SELECTOR = YES;
				GCC_WARN_UNINITIALIZED_AUTOS = YES_AGGRESSIVE;
				GCC_WARN_UNUSED_FUNCTION = YES;
				GCC_WARN_UNUSED_VARIABLE = YES;
				IPHONEOS_DEPLOYMENT_TARGET = 14.5;
				MTL_ENABLE_DEBUG_INFO = NO;
				MTL_FAST_MATH = YES;
				SDKROOT = iphoneos;
				SWIFT_COMPILATION_MODE = wholemodule;
				SWIFT_OPTIMIZATION_LEVEL = "-O";
				VALIDATE_PRODUCT = YES;
			};
			name = Release;
		};
		6AB32B3D27645BF200FB55BB /* Debug */ = {
			isa = XCBuildConfiguration;
			buildSettings = {
				ASSETCATALOG_COMPILER_APPICON_NAME = AppIcon;
				ASSETCATALOG_COMPILER_GLOBAL_ACCENT_COLOR_NAME = AccentColor;
				CODE_SIGN_STYLE = Automatic;
				DEVELOPMENT_ASSET_PATHS = "\"Calculator/Preview Content\"";
				DEVELOPMENT_TEAM = 3JF38H23W8;
				ENABLE_PREVIEWS = YES;
				INFOPLIST_FILE = Calculator/Info.plist;
				LD_RUNPATH_SEARCH_PATHS = (
					"$(inherited)",
					"@executable_path/Frameworks",
				);
				PRODUCT_BUNDLE_IDENTIFIER = com.ficow.demo.Calculator;
				PRODUCT_NAME = "$(TARGET_NAME)";
				SWIFT_VERSION = 5.0;
				TARGETED_DEVICE_FAMILY = "1,2";
			};
			name = Debug;
		};
		6AB32B3E27645BF200FB55BB /* Release */ = {
			isa = XCBuildConfiguration;
			buildSettings = {
				ASSETCATALOG_COMPILER_APPICON_NAME = AppIcon;
				ASSETCATALOG_COMPILER_GLOBAL_ACCENT_COLOR_NAME = AccentColor;
				CODE_SIGN_STYLE = Automatic;
				DEVELOPMENT_ASSET_PATHS = "\"Calculator/Preview Content\"";
				DEVELOPMENT_TEAM = 3JF38H23W8;
				ENABLE_PREVIEWS = YES;
				INFOPLIST_FILE = Calculator/Info.plist;
				LD_RUNPATH_SEARCH_PATHS = (
					"$(inherited)",
					"@executable_path/Frameworks",
				);
				PRODUCT_BUNDLE_IDENTIFIER = com.ficow.demo.Calculator;
				PRODUCT_NAME = "$(TARGET_NAME)";
				SWIFT_VERSION = 5.0;
				TARGETED_DEVICE_FAMILY = "1,2";
			};
			name = Release;
		};
		6AB32B4027645BF200FB55BB /* Debug */ = {
			isa = XCBuildConfiguration;
			buildSettings = {
				ALWAYS_EMBED_SWIFT_STANDARD_LIBRARIES = YES;
				BUNDLE_LOADER = "$(TEST_HOST)";
				CODE_SIGN_STYLE = Automatic;
				DEVELOPMENT_TEAM = 3JF38H23W8;
				INFOPLIST_FILE = CalculatorTests/Info.plist;
				IPHONEOS_DEPLOYMENT_TARGET = 14.5;
				LD_RUNPATH_SEARCH_PATHS = (
					"$(inherited)",
					"@executable_path/Frameworks",
					"@loader_path/Frameworks",
				);
				PRODUCT_BUNDLE_IDENTIFIER = com.ficow.demo.CalculatorTests;
				PRODUCT_NAME = "$(TARGET_NAME)";
				SWIFT_VERSION = 5.0;
				TARGETED_DEVICE_FAMILY = "1,2";
				TEST_HOST = "$(BUILT_PRODUCTS_DIR)/Calculator.app/Calculator";
			};
			name = Debug;
		};
		6AB32B4127645BF200FB55BB /* Release */ = {
			isa = XCBuildConfiguration;
			buildSettings = {
				ALWAYS_EMBED_SWIFT_STANDARD_LIBRARIES = YES;
				BUNDLE_LOADER = "$(TEST_HOST)";
				CODE_SIGN_STYLE = Automatic;
				DEVELOPMENT_TEAM = 3JF38H23W8;
				INFOPLIST_FILE = CalculatorTests/Info.plist;
				IPHONEOS_DEPLOYMENT_TARGET = 14.5;
				LD_RUNPATH_SEARCH_PATHS = (
					"$(inherited)",
					"@executable_path/Frameworks",
					"@loader_path/Frameworks",
				);
				PRODUCT_BUNDLE_IDENTIFIER = com.ficow.demo.CalculatorTests;
				PRODUCT_NAME = "$(TARGET_NAME)";
				SWIFT_VERSION = 5.0;
				TARGETED_DEVICE_FAMILY = "1,2";
				TEST_HOST = "$(BUILT_PRODUCTS_DIR)/Calculator.app/Calculator";
			};
			name = Release;
		};
		6AB32B4327645BF200FB55BB /* Debug */ = {
			isa = XCBuildConfiguration;
			buildSettings = {
				ALWAYS_EMBED_SWIFT_STANDARD_LIBRARIES = YES;
				CODE_SIGN_STYLE = Automatic;
				DEVELOPMENT_TEAM = 3JF38H23W8;
				INFOPLIST_FILE = CalculatorUITests/Info.plist;
				LD_RUNPATH_SEARCH_PATHS = (
					"$(inherited)",
					"@executable_path/Frameworks",
					"@loader_path/Frameworks",
				);
				PRODUCT_BUNDLE_IDENTIFIER = com.ficow.demo.CalculatorUITests;
				PRODUCT_NAME = "$(TARGET_NAME)";
				SWIFT_VERSION = 5.0;
				TARGETED_DEVICE_FAMILY = "1,2";
				TEST_TARGET_NAME = Calculator;
			};
			name = Debug;
		};
		6AB32B4427645BF200FB55BB /* Release */ = {
			isa = XCBuildConfiguration;
			buildSettings = {
				ALWAYS_EMBED_SWIFT_STANDARD_LIBRARIES = YES;
				CODE_SIGN_STYLE = Automatic;
				DEVELOPMENT_TEAM = 3JF38H23W8;
				INFOPLIST_FILE = CalculatorUITests/Info.plist;
				LD_RUNPATH_SEARCH_PATHS = (
					"$(inherited)",
					"@executable_path/Frameworks",
					"@loader_path/Frameworks",
				);
				PRODUCT_BUNDLE_IDENTIFIER = com.ficow.demo.CalculatorUITests;
				PRODUCT_NAME = "$(TARGET_NAME)";
				SWIFT_VERSION = 5.0;
				TARGETED_DEVICE_FAMILY = "1,2";
				TEST_TARGET_NAME = Calculator;
			};
			name = Release;
		};
/* End XCBuildConfiguration section */

/* Begin XCConfigurationList section */
		6AB32B0A27645BEE00FB55BB /* Build configuration list for PBXProject "Calculator" */ = {
			isa = XCConfigurationList;
			buildConfigurations = (
				6AB32B3A27645BF200FB55BB /* Debug */,
				6AB32B3B27645BF200FB55BB /* Release */,
			);
			defaultConfigurationIsVisible = 0;
			defaultConfigurationName = Release;
		};
		6AB32B3C27645BF200FB55BB /* Build configuration list for PBXNativeTarget "Calculator" */ = {
			isa = XCConfigurationList;
			buildConfigurations = (
				6AB32B3D27645BF200FB55BB /* Debug */,
				6AB32B3E27645BF200FB55BB /* Release */,
			);
			defaultConfigurationIsVisible = 0;
			defaultConfigurationName = Release;
		};
		6AB32B3F27645BF200FB55BB /* Build configuration list for PBXNativeTarget "CalculatorTests" */ = {
			isa = XCConfigurationList;
			buildConfigurations = (
				6AB32B4027645BF200FB55BB /* Debug */,
				6AB32B4127645BF200FB55BB /* Release */,
			);
			defaultConfigurationIsVisible = 0;
			defaultConfigurationName = Release;
		};
		6AB32B4227645BF200FB55BB /* Build configuration list for PBXNativeTarget "CalculatorUITests" */ = {
			isa = XCConfigurationList;
			buildConfigurations = (
				6AB32B4327645BF200FB55BB /* Debug */,
				6AB32B4427645BF200FB55BB /* Release */,
			);
			defaultConfigurationIsVisible = 0;
			defaultConfigurationName = Release;
		};
/* End XCConfigurationList section */

/* Begin XCVersionGroup section */
		6AB32B1827645BEE00FB55BB /* Calculator.xcdatamodeld */ = {
			isa = XCVersionGroup;
			children = (
				6AB32B1927645BEE00FB55BB /* Calculator.xcdatamodel */,
			);
			currentVersion = 6AB32B1927645BEE00FB55BB /* Calculator.xcdatamodel */;
			path = Calculator.xcdatamodeld;
			sourceTree = "<group>";
			versionGroupType = wrapper.xcdatamodel;
		};
/* End XCVersionGroup section */
	};
	rootObject = 6AB32B0727645BEE00FB55BB /* Project object */;
}
