// !$*UTF8*$!
{
	archiveVersion = 1;
	classes = {
	};
	objectVersion = 50;
	objects = {

/* Begin PBXBuildFile section */
		6A1C055726E723F10034A3BE /* AppDelegate.swift in Sources */ = {isa = PBXBuildFile; fileRef = 6A1C055626E723F10034A3BE /* AppDelegate.swift */; };
		6A1C055926E723F10034A3BE /* SceneDelegate.swift in Sources */ = {isa = PBXBuildFile; fileRef = 6A1C055826E723F10034A3BE /* SceneDelegate.swift */; };
		6A1C055B26E723F10034A3BE /* ViewController.swift in Sources */ = {isa = PBXBuildFile; fileRef = 6A1C055A26E723F10034A3BE /* ViewController.swift */; };
		6A1C055E26E723F10034A3BE /* Main.storyboard in Resources */ = {isa = PBXBuildFile; fileRef = 6A1C055C26E723F10034A3BE /* Main.storyboard */; };
		6A1C056026E723F10034A3BE /* Assets.xcassets in Resources */ = {isa = PBXBuildFile; fileRef = 6A1C055F26E723F10034A3BE /* Assets.xcassets */; };
		6A1C056326E723F10034A3BE /* LaunchScreen.storyboard in Resources */ = {isa = PBXBuildFile; fileRef = 6A1C056126E723F10034A3BE /* LaunchScreen.storyboard */; };
		6A1C056E26E723F20034A3BE /* ImproveDeeplinkTests.swift in Sources */ = {isa = PBXBuildFile; fileRef = 6A1C056D26E723F20034A3BE /* ImproveDeeplinkTests.swift */; };
		6A1C057926E723F20034A3BE /* ImproveDeeplinkUITests.swift in Sources */ = {isa = PBXBuildFile; fileRef = 6A1C057826E723F20034A3BE /* ImproveDeeplinkUITests.swift */; };
		6A1C05C426E75D3E0034A3BE /* Helpers.swift in Sources */ = {isa = PBXBuildFile; fileRef = 6A1C05C326E75D3D0034A3BE /* Helpers.swift */; };
		6A1C05C626E75D5B0034A3BE /* DeepLink.swift in Sources */ = {isa = PBXBuildFile; fileRef = 6A1C05C526E75D5B0034A3BE /* DeepLink.swift */; };
/* End PBXBuildFile section */

/* Begin PBXContainerItemProxy section */
		6A1C056A26E723F20034A3BE /* PBXContainerItemProxy */ = {
			isa = PBXContainerItemProxy;
			containerPortal = 6A1C054B26E723F00034A3BE /* Project object */;
			proxyType = 1;
			remoteGlobalIDString = 6A1C055226E723F10034A3BE;
			remoteInfo = ImproveDeeplink;
		};
		6A1C057526E723F20034A3BE /* PBXContainerItemProxy */ = {
			isa = PBXContainerItemProxy;
			containerPortal = 6A1C054B26E723F00034A3BE /* Project object */;
			proxyType = 1;
			remoteGlobalIDString = 6A1C055226E723F10034A3BE;
			remoteInfo = ImproveDeeplink;
		};
/* End PBXContainerItemProxy section */

/* Begin PBXFileReference section */
		6A1C055326E723F10034A3BE /* ImproveDeeplink.app */ = {isa = PBXFileReference; explicitFileType = wrapper.application; includeInIndex = 0; path = ImproveDeeplink.app; sourceTree = BUILT_PRODUCTS_DIR; };
		6A1C055626E723F10034A3BE /* AppDelegate.swift */ = {isa = PBXFileReference; lastKnownFileType = sourcecode.swift; path = AppDelegate.swift; sourceTree = "<group>"; };
		6A1C055826E723F10034A3BE /* SceneDelegate.swift */ = {isa = PBXFileReference; lastKnownFileType = sourcecode.swift; path = SceneDelegate.swift; sourceTree = "<group>"; };
		6A1C055A26E723F10034A3BE /* ViewController.swift */ = {isa = PBXFileReference; lastKnownFileType = sourcecode.swift; path = ViewController.swift; sourceTree = "<group>"; };
		6A1C055D26E723F10034A3BE /* Base */ = {isa = PBXFileReference; lastKnownFileType = file.storyboard; name = Base; path = Base.lproj/Main.storyboard; sourceTree = "<group>"; };
		6A1C055F26E723F10034A3BE /* Assets.xcassets */ = {isa = PBXFileReference; lastKnownFileType = folder.assetcatalog; path = Assets.xcassets; sourceTree = "<group>"; };
		6A1C056226E723F10034A3BE /* Base */ = {isa = PBXFileReference; lastKnownFileType = file.storyboard; name = Base; path = Base.lproj/LaunchScreen.storyboard; sourceTree = "<group>"; };
		6A1C056426E723F10034A3BE /* Info.plist */ = {isa = PBXFileReference; lastKnownFileType = text.plist.xml; path = Info.plist; sourceTree = "<group>"; };
		6A1C056926E723F20034A3BE /* ImproveDeeplinkTests.xctest */ = {isa = PBXFileReference; explicitFileType = wrapper.cfbundle; includeInIndex = 0; path = ImproveDeeplinkTests.xctest; sourceTree = BUILT_PRODUCTS_DIR; };
		6A1C056D26E723F20034A3BE /* ImproveDeeplinkTests.swift */ = {isa = PBXFileReference; lastKnownFileType = sourcecode.swift; path = ImproveDeeplinkTests.swift; sourceTree = "<group>"; };
		6A1C056F26E723F20034A3BE /* Info.plist */ = {isa = PBXFileReference; lastKnownFileType = text.plist.xml; path = Info.plist; sourceTree = "<group>"; };
		6A1C057426E723F20034A3BE /* ImproveDeeplinkUITests.xctest */ = {isa = PBXFileReference; explicitFileType = wrapper.cfbundle; includeInIndex = 0; path = ImproveDeeplinkUITests.xctest; sourceTree = BUILT_PRODUCTS_DIR; };
		6A1C057826E723F20034A3BE /* ImproveDeeplinkUITests.swift */ = {isa = PBXFileReference; lastKnownFileType = sourcecode.swift; path = ImproveDeeplinkUITests.swift; sourceTree = "<group>"; };
		6A1C057A26E723F20034A3BE /* Info.plist */ = {isa = PBXFileReference; lastKnownFileType = text.plist.xml; path = Info.plist; sourceTree = "<group>"; };
		6A1C05C326E75D3D0034A3BE /* Helpers.swift */ = {isa = PBXFileReference; lastKnownFileType = sourcecode.swift; path = Helpers.swift; sourceTree = "<group>"; };
		6A1C05C526E75D5B0034A3BE /* DeepLink.swift */ = {isa = PBXFileReference; lastKnownFileType = sourcecode.swift; path = DeepLink.swift; sourceTree = "<group>"; };
/* End PBXFileReference section */

/* Begin PBXFrameworksBuildPhase section */
		6A1C055026E723F10034A3BE /* Frameworks */ = {
			isa = PBXFrameworksBuildPhase;
			buildActionMask = 2147483647;
			files = (
			);
			runOnlyForDeploymentPostprocessing = 0;
		};
		6A1C056626E723F20034A3BE /* Frameworks */ = {
			isa = PBXFrameworksBuildPhase;
			buildActionMask = 2147483647;
			files = (
			);
			runOnlyForDeploymentPostprocessing = 0;
		};
		6A1C057126E723F20034A3BE /* Frameworks */ = {
			isa = PBXFrameworksBuildPhase;
			buildActionMask = 2147483647;
			files = (
			);
			runOnlyForDeploymentPostprocessing = 0;
		};
/* End PBXFrameworksBuildPhase section */

/* Begin PBXGroup section */
		6A1C054A26E723F00034A3BE = {
			isa = PBXGroup;
			children = (
				6A1C055526E723F10034A3BE /* ImproveDeeplink */,
				6A1C056C26E723F20034A3BE /* ImproveDeeplinkTests */,
				6A1C057726E723F20034A3BE /* ImproveDeeplinkUITests */,
				6A1C055426E723F10034A3BE /* Products */,
			);
			sourceTree = "<group>";
		};
		6A1C055426E723F10034A3BE /* Products */ = {
			isa = PBXGroup;
			children = (
				6A1C055326E723F10034A3BE /* ImproveDeeplink.app */,
				6A1C056926E723F20034A3BE /* ImproveDeeplinkTests.xctest */,
				6A1C057426E723F20034A3BE /* ImproveDeeplinkUITests.xctest */,
			);
			name = Products;
			sourceTree = "<group>";
		};
		6A1C055526E723F10034A3BE /* ImproveDeeplink */ = {
			isa = PBXGroup;
			children = (
				6A1C055626E723F10034A3BE /* AppDelegate.swift */,
				6A1C055826E723F10034A3BE /* SceneDelegate.swift */,
				6A1C055A26E723F10034A3BE /* ViewController.swift */,
				6A1C055C26E723F10034A3BE /* Main.storyboard */,
				6A1C055F26E723F10034A3BE /* Assets.xcassets */,
				6A1C056126E723F10034A3BE /* LaunchScreen.storyboard */,
				6A1C056426E723F10034A3BE /* Info.plist */,
				6A1C05C326E75D3D0034A3BE /* Helpers.swift */,
				6A1C05C526E75D5B0034A3BE /* DeepLink.swift */,
			);
			path = ImproveDeeplink;
			sourceTree = "<group>";
		};
		6A1C056C26E723F20034A3BE /* ImproveDeeplinkTests */ = {
			isa = PBXGroup;
			children = (
				6A1C056D26E723F20034A3BE /* ImproveDeeplinkTests.swift */,
				6A1C056F26E723F20034A3BE /* Info.plist */,
			);
			path = ImproveDeeplinkTests;
			sourceTree = "<group>";
		};
		6A1C057726E723F20034A3BE /* ImproveDeeplinkUITests */ = {
			isa = PBXGroup;
			children = (
				6A1C057826E723F20034A3BE /* ImproveDeeplinkUITests.swift */,
				6A1C057A26E723F20034A3BE /* Info.plist */,
			);
			path = ImproveDeeplinkUITests;
			sourceTree = "<group>";
		};
/* End PBXGroup section */

/* Begin PBXNativeTarget section */
		6A1C055226E723F10034A3BE /* ImproveDeeplink */ = {
			isa = PBXNativeTarget;
			buildConfigurationList = 6A1C057D26E723F20034A3BE /* Build configuration list for PBXNativeTarget "ImproveDeeplink" */;
			buildPhases = (
				6A1C054F26E723F10034A3BE /* Sources */,
				6A1C055026E723F10034A3BE /* Frameworks */,
				6A1C055126E723F10034A3BE /* Resources */,
			);
			buildRules = (
			);
			dependencies = (
			);
			name = ImproveDeeplink;
			productName = ImproveDeeplink;
			productReference = 6A1C055326E723F10034A3BE /* ImproveDeeplink.app */;
			productType = "com.apple.product-type.application";
		};
		6A1C056826E723F20034A3BE /* ImproveDeeplinkTests */ = {
			isa = PBXNativeTarget;
			buildConfigurationList = 6A1C058026E723F20034A3BE /* Build configuration list for PBXNativeTarget "ImproveDeeplinkTests" */;
			buildPhases = (
				6A1C056526E723F20034A3BE /* Sources */,
				6A1C056626E723F20034A3BE /* Frameworks */,
				6A1C056726E723F20034A3BE /* Resources */,
			);
			buildRules = (
			);
			dependencies = (
				6A1C056B26E723F20034A3BE /* PBXTargetDependency */,
			);
			name = ImproveDeeplinkTests;
			productName = ImproveDeeplinkTests;
			productReference = 6A1C056926E723F20034A3BE /* ImproveDeeplinkTests.xctest */;
			productType = "com.apple.product-type.bundle.unit-test";
		};
		6A1C057326E723F20034A3BE /* ImproveDeeplinkUITests */ = {
			isa = PBXNativeTarget;
			buildConfigurationList = 6A1C058326E723F20034A3BE /* Build configuration list for PBXNativeTarget "ImproveDeeplinkUITests" */;
			buildPhases = (
				6A1C057026E723F20034A3BE /* Sources */,
				6A1C057126E723F20034A3BE /* Frameworks */,
				6A1C057226E723F20034A3BE /* Resources */,
			);
			buildRules = (
			);
			dependencies = (
				6A1C057626E723F20034A3BE /* PBXTargetDependency */,
			);
			name = ImproveDeeplinkUITests;
			productName = ImproveDeeplinkUITests;
			productReference = 6A1C057426E723F20034A3BE /* ImproveDeeplinkUITests.xctest */;
			productType = "com.apple.product-type.bundle.ui-testing";
		};
/* End PBXNativeTarget section */

/* Begin PBXProject section */
		6A1C054B26E723F00034A3BE /* Project object */ = {
			isa = PBXProject;
			attributes = {
				LastSwiftUpdateCheck = 1250;
				LastUpgradeCheck = 1250;
				TargetAttributes = {
					6A1C055226E723F10034A3BE = {
						CreatedOnToolsVersion = 12.5;
					};
					6A1C056826E723F20034A3BE = {
						CreatedOnToolsVersion = 12.5;
						TestTargetID = 6A1C055226E723F10034A3BE;
					};
					6A1C057326E723F20034A3BE = {
						CreatedOnToolsVersion = 12.5;
						TestTargetID = 6A1C055226E723F10034A3BE;
					};
				};
			};
			buildConfigurationList = 6A1C054E26E723F00034A3BE /* Build configuration list for PBXProject "ImproveDeeplink" */;
			compatibilityVersion = "Xcode 9.3";
			developmentRegion = en;
			hasScannedForEncodings = 0;
			knownRegions = (
				en,
				Base,
			);
			mainGroup = 6A1C054A26E723F00034A3BE;
			productRefGroup = 6A1C055426E723F10034A3BE /* Products */;
			projectDirPath = "";
			projectRoot = "";
			targets = (
				6A1C055226E723F10034A3BE /* ImproveDeeplink */,
				6A1C056826E723F20034A3BE /* ImproveDeeplinkTests */,
				6A1C057326E723F20034A3BE /* ImproveDeeplinkUITests */,
			);
		};
/* End PBXProject section */

/* Begin PBXResourcesBuildPhase section */
		6A1C055126E723F10034A3BE /* Resources */ = {
			isa = PBXResourcesBuildPhase;
			buildActionMask = 2147483647;
			files = (
				6A1C056326E723F10034A3BE /* LaunchScreen.storyboard in Resources */,
				6A1C056026E723F10034A3BE /* Assets.xcassets in Resources */,
				6A1C055E26E723F10034A3BE /* Main.storyboard in Resources */,
			);
			runOnlyForDeploymentPostprocessing = 0;
		};
		6A1C056726E723F20034A3BE /* Resources */ = {
			isa = PBXResourcesBuildPhase;
			buildActionMask = 2147483647;
			files = (
			);
			runOnlyForDeploymentPostprocessing = 0;
		};
		6A1C057226E723F20034A3BE /* Resources */ = {
			isa = PBXResourcesBuildPhase;
			buildActionMask = 2147483647;
			files = (
			);
			runOnlyForDeploymentPostprocessing = 0;
		};
/* End PBXResourcesBuildPhase section */

/* Begin PBXSourcesBuildPhase section */
		6A1C054F26E723F10034A3BE /* Sources */ = {
			isa = PBXSourcesBuildPhase;
			buildActionMask = 2147483647;
			files = (
				6A1C055B26E723F10034A3BE /* ViewController.swift in Sources */,
				6A1C055726E723F10034A3BE /* AppDelegate.swift in Sources */,
				6A1C05C626E75D5B0034A3BE /* DeepLink.swift in Sources */,
				6A1C055926E723F10034A3BE /* SceneDelegate.swift in Sources */,
				6A1C05C426E75D3E0034A3BE /* Helpers.swift in Sources */,
			);
			runOnlyForDeploymentPostprocessing = 0;
		};
		6A1C056526E723F20034A3BE /* Sources */ = {
			isa = PBXSourcesBuildPhase;
			buildActionMask = 2147483647;
			files = (
				6A1C056E26E723F20034A3BE /* ImproveDeeplinkTests.swift in Sources */,
			);
			runOnlyForDeploymentPostprocessing = 0;
		};
		6A1C057026E723F20034A3BE /* Sources */ = {
			isa = PBXSourcesBuildPhase;
			buildActionMask = 2147483647;
			files = (
				6A1C057926E723F20034A3BE /* ImproveDeeplinkUITests.swift in Sources */,
			);
			runOnlyForDeploymentPostprocessing = 0;
		};
/* End PBXSourcesBuildPhase section */

/* Begin PBXTargetDependency section */
		6A1C056B26E723F20034A3BE /* PBXTargetDependency */ = {
			isa = PBXTargetDependency;
			target = 6A1C055226E723F10034A3BE /* ImproveDeeplink */;
			targetProxy = 6A1C056A26E723F20034A3BE /* PBXContainerItemProxy */;
		};
		6A1C057626E723F20034A3BE /* PBXTargetDependency */ = {
			isa = PBXTargetDependency;
			target = 6A1C055226E723F10034A3BE /* ImproveDeeplink */;
			targetProxy = 6A1C057526E723F20034A3BE /* PBXContainerItemProxy */;
		};
/* End PBXTargetDependency section */

/* Begin PBXVariantGroup section */
		6A1C055C26E723F10034A3BE /* Main.storyboard */ = {
			isa = PBXVariantGroup;
			children = (
				6A1C055D26E723F10034A3BE /* Base */,
			);
			name = Main.storyboard;
			sourceTree = "<group>";
		};
		6A1C056126E723F10034A3BE /* LaunchScreen.storyboard */ = {
			isa = PBXVariantGroup;
			children = (
				6A1C056226E723F10034A3BE /* Base */,
			);
			name = LaunchScreen.storyboard;
			sourceTree = "<group>";
		};
/* End PBXVariantGroup section */

/* Begin XCBuildConfiguration section */
		6A1C057B26E723F20034A3BE /* Debug */ = {
			isa = XCBuildConfiguration;
			buildSettings = {
				ALWAYS_SEARCH_USER_PATHS = NO;
				CLANG_ANALYZER_NONNULL = YES;
				CLANG_ANALYZER_NUMBER_OBJECT_CONVERSION = YES_AGGRESSIVE;
				CLANG_CXX_LANGUAGE_STANDARD = "gnu++14";
				CLANG_CXX_LIBRARY = "libc++";
				CLANG_ENABLE_MODULES = YES;
				CLANG_ENABLE_OBJC_ARC = YES;
				CLANG_ENABLE_OBJC_WEAK = YES;
				CLANG_WARN_BLOCK_CAPTURE_AUTORELEASING = YES;
				CLANG_WARN_BOOL_CONVERSION = YES;
				CLANG_WARN_COMMA = YES;
				CLANG_WARN_CONSTANT_CONVERSION = YES;
				CLANG_WARN_DEPRECATED_OBJC_IMPLEMENTATIONS = YES;
				CLANG_WARN_DIRECT_OBJC_ISA_USAGE = YES_ERROR;
				CLANG_WARN_DOCUMENTATION_COMMENTS = YES;
				CLANG_WARN_EMPTY_BODY = YES;
				CLANG_WARN_ENUM_CONVERSION = YES;
				CLANG_WARN_INFINITE_RECURSION = YES;
				CLANG_WARN_INT_CONVERSION = YES;
				CLANG_WARN_NON_LITERAL_NULL_CONVERSION = YES;
				CLANG_WARN_OBJC_IMPLICIT_RETAIN_SELF = YES;
				CLANG_WARN_OBJC_LITERAL_CONVERSION = YES;
				CLANG_WARN_OBJC_ROOT_CLASS = YES_ERROR;
				CLANG_WARN_QUOTED_INCLUDE_IN_FRAMEWORK_HEADER = YES;
				CLANG_WARN_RANGE_LOOP_ANALYSIS = YES;
				CLANG_WARN_STRICT_PROTOTYPES = YES;
				CLANG_WARN_SUSPICIOUS_MOVE = YES;
				CLANG_WARN_UNGUARDED_AVAILABILITY = YES_AGGRESSIVE;
				CLANG_WARN_UNREACHABLE_CODE = YES;
				CLANG_WARN__DUPLICATE_METHOD_MATCH = YES;
				COPY_PHASE_STRIP = NO;
				DEBUG_INFORMATION_FORMAT = dwarf;
				ENABLE_STRICT_OBJC_MSGSEND = YES;
				ENABLE_TESTABILITY = YES;
				GCC_C_LANGUAGE_STANDARD = gnu11;
				GCC_DYNAMIC_NO_PIC = NO;
				GCC_NO_COMMON_BLOCKS = YES;
				GCC_OPTIMIZATION_LEVEL = 0;
				GCC_PREPROCESSOR_DEFINITIONS = (
					"DEBUG=1",
					"$(inherited)",
				);
				GCC_WARN_64_TO_32_BIT_CONVERSION = YES;
				GCC_WARN_ABOUT_RETURN_TYPE = YES_ERROR;
				GCC_WARN_UNDECLARED_SELECTOR = YES;
				GCC_WARN_UNINITIALIZED_AUTOS = YES_AGGRESSIVE;
				GCC_WARN_UNUSED_FUNCTION = YES;
				GCC_WARN_UNUSED_VARIABLE = YES;
				IPHONEOS_DEPLOYMENT_TARGET = 14.5;
				MTL_ENABLE_DEBUG_INFO = INCLUDE_SOURCE;
				MTL_FAST_MATH = YES;
				ONLY_ACTIVE_ARCH = YES;
				SDKROOT = iphoneos;
				SWIFT_ACTIVE_COMPILATION_CONDITIONS = DEBUG;
				SWIFT_OPTIMIZATION_LEVEL = "-Onone";
			};
			name = Debug;
		};
		6A1C057C26E723F20034A3BE /* Release */ = {
			isa = XCBuildConfiguration;
			buildSettings = {
				ALWAYS_SEARCH_USER_PATHS = NO;
				CLANG_ANALYZER_NONNULL = YES;
				CLANG_ANALYZER_NUMBER_OBJECT_CONVERSION = YES_AGGRESSIVE;
				CLANG_CXX_LANGUAGE_STANDARD = "gnu++14";
				CLANG_CXX_LIBRARY = "libc++";
				CLANG_ENABLE_MODULES = YES;
				CLANG_ENABLE_OBJC_ARC = YES;
				CLANG_ENABLE_OBJC_WEAK = YES;
				CLANG_WARN_BLOCK_CAPTURE_AUTORELEASING = YES;
				CLANG_WARN_BOOL_CONVERSION = YES;
				CLANG_WARN_COMMA = YES;
				CLANG_WARN_CONSTANT_CONVERSION = YES;
				CLANG_WARN_DEPRECATED_OBJC_IMPLEMENTATIONS = YES;
				CLANG_WARN_DIRECT_OBJC_ISA_USAGE = YES_ERROR;
				CLANG_WARN_DOCUMENTATION_COMMENTS = YES;
				CLANG_WARN_EMPTY_BODY = YES;
				CLANG_WARN_ENUM_CONVERSION = YES;
				CLANG_WARN_INFINITE_RECURSION = YES;
				CLANG_WARN_INT_CONVERSION = YES;
				CLANG_WARN_NON_LITERAL_NULL_CONVERSION = YES;
				CLANG_WARN_OBJC_IMPLICIT_RETAIN_SELF = YES;
				CLANG_WARN_OBJC_LITERAL_CONVERSION = YES;
				CLANG_WARN_OBJC_ROOT_CLASS = YES_ERROR;
				CLANG_WARN_QUOTED_INCLUDE_IN_FRAMEWORK_HEADER = YES;
				CLANG_WARN_RANGE_LOOP_ANALYSIS = YES;
				CLANG_WARN_STRICT_PROTOTYPES = YES;
				CLANG_WARN_SUSPICIOUS_MOVE = YES;
				CLANG_WARN_UNGUARDED_AVAILABILITY = YES_AGGRESSIVE;
				CLANG_WARN_UNREACHABLE_CODE = YES;
				CLANG_WARN__DUPLICATE_METHOD_MATCH = YES;
				COPY_PHASE_STRIP = NO;
				DEBUG_INFORMATION_FORMAT = "dwarf-with-dsym";
				ENABLE_NS_ASSERTIONS = NO;
				ENABLE_STRICT_OBJC_MSGSEND = YES;
				GCC_C_LANGUAGE_STANDARD = gnu11;
				GCC_NO_COMMON_BLOCKS = YES;
				GCC_WARN_64_TO_32_BIT_CONVERSION = YES;
				GCC_WARN_ABOUT_RETURN_TYPE = YES_ERROR;
				GCC_WARN_UNDECLARED_SELECTOR = YES;
				GCC_WARN_UNINITIALIZED_AUTOS = YES_AGGRESSIVE;
				GCC_WARN_UNUSED_FUNCTION = YES;
				GCC_WARN_UNUSED_VARIABLE = YES;
				IPHONEOS_DEPLOYMENT_TARGET = 14.5;
				MTL_ENABLE_DEBUG_INFO = NO;
				MTL_FAST_MATH = YES;
				SDKROOT = iphoneos;
				SWIFT_COMPILATION_MODE = wholemodule;
				SWIFT_OPTIMIZATION_LEVEL = "-O";
				VALIDATE_PRODUCT = YES;
			};
			name = Release;
		};
		6A1C057E26E723F20034A3BE /* Debug */ = {
			isa = XCBuildConfiguration;
			buildSettings = {
				ASSETCATALOG_COMPILER_APPICON_NAME = AppIcon;
				ASSETCATALOG_COMPILER_GLOBAL_ACCENT_COLOR_NAME = AccentColor;
				CODE_SIGN_STYLE = Automatic;
				DEVELOPMENT_TEAM = 3JF38H23W8;
				INFOPLIST_FILE = ImproveDeeplink/Info.plist;
				LD_RUNPATH_SEARCH_PATHS = (
					"$(inherited)",
					"@executable_path/Frameworks",
				);
				PRODUCT_BUNDLE_IDENTIFIER = com.ficow.demo.ImproveDeeplink;
				PRODUCT_NAME = "$(TARGET_NAME)";
				SWIFT_VERSION = 5.0;
				TARGETED_DEVICE_FAMILY = "1,2";
			};
			name = Debug;
		};
		6A1C057F26E723F20034A3BE /* Release */ = {
			isa = XCBuildConfiguration;
			buildSettings = {
				ASSETCATALOG_COMPILER_APPICON_NAME = AppIcon;
				ASSETCATALOG_COMPILER_GLOBAL_ACCENT_COLOR_NAME = AccentColor;
				CODE_SIGN_STYLE = Automatic;
				DEVELOPMENT_TEAM = 3JF38H23W8;
				INFOPLIST_FILE = ImproveDeeplink/Info.plist;
				LD_RUNPATH_SEARCH_PATHS = (
					"$(inherited)",
					"@executable_path/Frameworks",
				);
				PRODUCT_BUNDLE_IDENTIFIER = com.ficow.demo.ImproveDeeplink;
				PRODUCT_NAME = "$(TARGET_NAME)";
				SWIFT_VERSION = 5.0;
				TARGETED_DEVICE_FAMILY = "1,2";
			};
			name = Release;
		};
		6A1C058126E723F20034A3BE /* Debug */ = {
			isa = XCBuildConfiguration;
			buildSettings = {
				ALWAYS_EMBED_SWIFT_STANDARD_LIBRARIES = YES;
				BUNDLE_LOADER = "$(TEST_HOST)";
				CODE_SIGN_STYLE = Automatic;
				DEVELOPMENT_TEAM = 3JF38H23W8;
				INFOPLIST_FILE = ImproveDeeplinkTests/Info.plist;
				IPHONEOS_DEPLOYMENT_TARGET = 14.5;
				LD_RUNPATH_SEARCH_PATHS = (
					"$(inherited)",
					"@executable_path/Frameworks",
					"@loader_path/Frameworks",
				);
				PRODUCT_BUNDLE_IDENTIFIER = com.ficow.demo.ImproveDeeplinkTests;
				PRODUCT_NAME = "$(TARGET_NAME)";
				SWIFT_VERSION = 5.0;
				TARGETED_DEVICE_FAMILY = "1,2";
				TEST_HOST = "$(BUILT_PRODUCTS_DIR)/ImproveDeeplink.app/ImproveDeeplink";
			};
			name = Debug;
		};
		6A1C058226E723F20034A3BE /* Release */ = {
			isa = XCBuildConfiguration;
			buildSettings = {
				ALWAYS_EMBED_SWIFT_STANDARD_LIBRARIES = YES;
				BUNDLE_LOADER = "$(TEST_HOST)";
				CODE_SIGN_STYLE = Automatic;
				DEVELOPMENT_TEAM = 3JF38H23W8;
				INFOPLIST_FILE = ImproveDeeplinkTests/Info.plist;
				IPHONEOS_DEPLOYMENT_TARGET = 14.5;
				LD_RUNPATH_SEARCH_PATHS = (
					"$(inherited)",
					"@executable_path/Frameworks",
					"@loader_path/Frameworks",
				);
				PRODUCT_BUNDLE_IDENTIFIER = com.ficow.demo.ImproveDeeplinkTests;
				PRODUCT_NAME = "$(TARGET_NAME)";
				SWIFT_VERSION = 5.0;
				TARGETED_DEVICE_FAMILY = "1,2";
				TEST_HOST = "$(BUILT_PRODUCTS_DIR)/ImproveDeeplink.app/ImproveDeeplink";
			};
			name = Release;
		};
		6A1C058426E723F20034A3BE /* Debug */ = {
			isa = XCBuildConfiguration;
			buildSettings = {
				ALWAYS_EMBED_SWIFT_STANDARD_LIBRARIES = YES;
				CODE_SIGN_STYLE = Automatic;
				DEVELOPMENT_TEAM = 3JF38H23W8;
				INFOPLIST_FILE = ImproveDeeplinkUITests/Info.plist;
				LD_RUNPATH_SEARCH_PATHS = (
					"$(inherited)",
					"@executable_path/Frameworks",
					"@loader_path/Frameworks",
				);
				PRODUCT_BUNDLE_IDENTIFIER = com.ficow.demo.ImproveDeeplinkUITests;
				PRODUCT_NAME = "$(TARGET_NAME)";
				SWIFT_VERSION = 5.0;
				TARGETED_DEVICE_FAMILY = "1,2";
				TEST_TARGET_NAME = ImproveDeeplink;
			};
			name = Debug;
		};
		6A1C058526E723F20034A3BE /* Release */ = {
			isa = XCBuildConfiguration;
			buildSettings = {
				ALWAYS_EMBED_SWIFT_STANDARD_LIBRARIES = YES;
				CODE_SIGN_STYLE = Automatic;
				DEVELOPMENT_TEAM = 3JF38H23W8;
				INFOPLIST_FILE = ImproveDeeplinkUITests/Info.plist;
				LD_RUNPATH_SEARCH_PATHS = (
					"$(inherited)",
					"@executable_path/Frameworks",
					"@loader_path/Frameworks",
				);
				PRODUCT_BUNDLE_IDENTIFIER = com.ficow.demo.ImproveDeeplinkUITests;
				PRODUCT_NAME = "$(TARGET_NAME)";
				SWIFT_VERSION = 5.0;
				TARGETED_DEVICE_FAMILY = "1,2";
				TEST_TARGET_NAME = ImproveDeeplink;
			};
			name = Release;
		};
/* End XCBuildConfiguration section */

/* Begin XCConfigurationList section */
		6A1C054E26E723F00034A3BE /* Build configuration list for PBXProject "ImproveDeeplink" */ = {
			isa = XCConfigurationList;
			buildConfigurations = (
				6A1C057B26E723F20034A3BE /* Debug */,
				6A1C057C26E723F20034A3BE /* Release */,
			);
			defaultConfigurationIsVisible = 0;
			defaultConfigurationName = Release;
		};
		6A1C057D26E723F20034A3BE /* Build configuration list for PBXNativeTarget "ImproveDeeplink" */ = {
			isa = XCConfigurationList;
			buildConfigurations = (
				6A1C057E26E723F20034A3BE /* Debug */,
				6A1C057F26E723F20034A3BE /* Release */,
			);
			defaultConfigurationIsVisible = 0;
			defaultConfigurationName = Release;
		};
		6A1C058026E723F20034A3BE /* Build configuration list for PBXNativeTarget "ImproveDeeplinkTests" */ = {
			isa = XCConfigurationList;
			buildConfigurations = (
				6A1C058126E723F20034A3BE /* Debug */,
				6A1C058226E723F20034A3BE /* Release */,
			);
			defaultConfigurationIsVisible = 0;
			defaultConfigurationName = Release;
		};
		6A1C058326E723F20034A3BE /* Build configuration list for PBXNativeTarget "ImproveDeeplinkUITests" */ = {
			isa = XCConfigurationList;
			buildConfigurations = (
				6A1C058426E723F20034A3BE /* Debug */,
				6A1C058526E723F20034A3BE /* Release */,
			);
			defaultConfigurationIsVisible = 0;
			defaultConfigurationName = Release;
		};
/* End XCConfigurationList section */
	};
	rootObject = 6A1C054B26E723F00034A3BE /* Project object */;
}
