// !$*UTF8*$!
{
	archiveVersion = 1;
	classes = {
	};
	objectVersion = 56;
	objects = {

/* Begin PBXBuildFile section */
		6A434C662AB739520031588F /* AppDelegate.swift in Sources */ = {isa = PBXBuildFile; fileRef = 6A434C652AB739520031588F /* AppDelegate.swift */; };
		6A434C682AB739520031588F /* SceneDelegate.swift in Sources */ = {isa = PBXBuildFile; fileRef = 6A434C672AB739520031588F /* SceneDelegate.swift */; };
		6A434C6A2AB739520031588F /* ViewController.swift in Sources */ = {isa = PBXBuildFile; fileRef = 6A434C692AB739520031588F /* ViewController.swift */; };
		6A434C6D2AB739520031588F /* Main.storyboard in Resources */ = {isa = PBXBuildFile; fileRef = 6A434C6B2AB739520031588F /* Main.storyboard */; };
		6A434C6F2AB739540031588F /* Assets.xcassets in Resources */ = {isa = PBXBuildFile; fileRef = 6A434C6E2AB739540031588F /* Assets.xcassets */; };
		6A434C722AB739540031588F /* LaunchScreen.storyboard in Resources */ = {isa = PBXBuildFile; fileRef = 6A434C702AB739540031588F /* LaunchScreen.storyboard */; };
		6A434C7B2AB7E2810031588F /* ViewModel.swift in Sources */ = {isa = PBXBuildFile; fileRef = 6A434C7A2AB7E2810031588F /* ViewModel.swift */; };
		6AD4329D7F710F3F57D500E2 /* Pods_SwiftLintDemo.framework in Frameworks */ = {isa = PBXBuildFile; fileRef = 51039338D14515CB895DAD55 /* Pods_SwiftLintDemo.framework */; };
/* End PBXBuildFile section */

/* Begin PBXFileReference section */
		51039338D14515CB895DAD55 /* Pods_SwiftLintDemo.framework */ = {isa = PBXFileReference; explicitFileType = wrapper.framework; includeInIndex = 0; path = Pods_SwiftLintDemo.framework; sourceTree = BUILT_PRODUCTS_DIR; };
		61DA635C88E5FE904DEA2EB2 /* Pods-SwiftLintDemo.release.xcconfig */ = {isa = PBXFileReference; includeInIndex = 1; lastKnownFileType = text.xcconfig; name = "Pods-SwiftLintDemo.release.xcconfig"; path = "Target Support Files/Pods-SwiftLintDemo/Pods-SwiftLintDemo.release.xcconfig"; sourceTree = "<group>"; };
		6A434C622AB739520031588F /* SwiftLintDemo.app */ = {isa = PBXFileReference; explicitFileType = wrapper.application; includeInIndex = 0; path = SwiftLintDemo.app; sourceTree = BUILT_PRODUCTS_DIR; };
		6A434C652AB739520031588F /* AppDelegate.swift */ = {isa = PBXFileReference; lastKnownFileType = sourcecode.swift; path = AppDelegate.swift; sourceTree = "<group>"; };
		6A434C672AB739520031588F /* SceneDelegate.swift */ = {isa = PBXFileReference; lastKnownFileType = sourcecode.swift; path = SceneDelegate.swift; sourceTree = "<group>"; };
		6A434C692AB739520031588F /* ViewController.swift */ = {isa = PBXFileReference; lastKnownFileType = sourcecode.swift; path = ViewController.swift; sourceTree = "<group>"; };
		6A434C6C2AB739520031588F /* Base */ = {isa = PBXFileReference; lastKnownFileType = file.storyboard; name = Base; path = Base.lproj/Main.storyboard; sourceTree = "<group>"; };
		6A434C6E2AB739540031588F /* Assets.xcassets */ = {isa = PBXFileReference; lastKnownFileType = folder.assetcatalog; path = Assets.xcassets; sourceTree = "<group>"; };
		6A434C712AB739540031588F /* Base */ = {isa = PBXFileReference; lastKnownFileType = file.storyboard; name = Base; path = Base.lproj/LaunchScreen.storyboard; sourceTree = "<group>"; };
		6A434C732AB739540031588F /* Info.plist */ = {isa = PBXFileReference; lastKnownFileType = text.plist.xml; path = Info.plist; sourceTree = "<group>"; };
		6A434C7A2AB7E2810031588F /* ViewModel.swift */ = {isa = PBXFileReference; lastKnownFileType = sourcecode.swift; path = ViewModel.swift; sourceTree = "<group>"; };
		85A2DE10D9FBB6B151F0D83C /* Pods-SwiftLintDemo.debug.xcconfig */ = {isa = PBXFileReference; includeInIndex = 1; lastKnownFileType = text.xcconfig; name = "Pods-SwiftLintDemo.debug.xcconfig"; path = "Target Support Files/Pods-SwiftLintDemo/Pods-SwiftLintDemo.debug.xcconfig"; sourceTree = "<group>"; };
/* End PBXFileReference section */

/* Begin PBXFrameworksBuildPhase section */
		6A434C5F2AB739520031588F /* Frameworks */ = {
			isa = PBXFrameworksBuildPhase;
			buildActionMask = 2147483647;
			files = (
				6AD4329D7F710F3F57D500E2 /* Pods_SwiftLintDemo.framework in Frameworks */,
			);
			runOnlyForDeploymentPostprocessing = 0;
		};
/* End PBXFrameworksBuildPhase section */

/* Begin PBXGroup section */
		52685A2C58A5AF740E340705 /* Pods */ = {
			isa = PBXGroup;
			children = (
				85A2DE10D9FBB6B151F0D83C /* Pods-SwiftLintDemo.debug.xcconfig */,
				61DA635C88E5FE904DEA2EB2 /* Pods-SwiftLintDemo.release.xcconfig */,
			);
			path = Pods;
			sourceTree = "<group>";
		};
		6A434C592AB739520031588F = {
			isa = PBXGroup;
			children = (
				6A434C642AB739520031588F /* SwiftLintDemo */,
				6A434C632AB739520031588F /* Products */,
				52685A2C58A5AF740E340705 /* Pods */,
				8068AEFC9373D13942242DA4 /* Frameworks */,
			);
			sourceTree = "<group>";
		};
		6A434C632AB739520031588F /* Products */ = {
			isa = PBXGroup;
			children = (
				6A434C622AB739520031588F /* SwiftLintDemo.app */,
			);
			name = Products;
			sourceTree = "<group>";
		};
		6A434C642AB739520031588F /* SwiftLintDemo */ = {
			isa = PBXGroup;
			children = (
				6A434C652AB739520031588F /* AppDelegate.swift */,
				6A434C672AB739520031588F /* SceneDelegate.swift */,
				6A434C692AB739520031588F /* ViewController.swift */,
				6A434C6B2AB739520031588F /* Main.storyboard */,
				6A434C6E2AB739540031588F /* Assets.xcassets */,
				6A434C702AB739540031588F /* LaunchScreen.storyboard */,
				6A434C732AB739540031588F /* Info.plist */,
				6A434C7A2AB7E2810031588F /* ViewModel.swift */,
			);
			path = SwiftLintDemo;
			sourceTree = "<group>";
		};
		8068AEFC9373D13942242DA4 /* Frameworks */ = {
			isa = PBXGroup;
			children = (
				51039338D14515CB895DAD55 /* Pods_SwiftLintDemo.framework */,
			);
			name = Frameworks;
			sourceTree = "<group>";
		};
/* End PBXGroup section */

/* Begin PBXNativeTarget section */
		6A434C612AB739520031588F /* SwiftLintDemo */ = {
			isa = PBXNativeTarget;
			buildConfigurationList = 6A434C762AB739540031588F /* Build configuration list for PBXNativeTarget "SwiftLintDemo" */;
			buildPhases = (
				6A434C792AB739D70031588F /* SwiftLint */,
				5D71415F75FAC2013936BBD9 /* [CP] Check Pods Manifest.lock */,
				6A434C5E2AB739520031588F /* Sources */,
				6A434C5F2AB739520031588F /* Frameworks */,
				6A434C602AB739520031588F /* Resources */,
			);
			buildRules = (
			);
			dependencies = (
			);
			name = SwiftLintDemo;
			productName = SwiftLintDemo;
			productReference = 6A434C622AB739520031588F /* SwiftLintDemo.app */;
			productType = "com.apple.product-type.application";
		};
/* End PBXNativeTarget section */

/* Begin PBXProject section */
		6A434C5A2AB739520031588F /* Project object */ = {
			isa = PBXProject;
			attributes = {
				BuildIndependentTargetsInParallel = 1;
				LastSwiftUpdateCheck = 1430;
				LastUpgradeCheck = 1430;
				TargetAttributes = {
					6A434C612AB739520031588F = {
						CreatedOnToolsVersion = 14.3.1;
					};
				};
			};
			buildConfigurationList = 6A434C5D2AB739520031588F /* Build configuration list for PBXProject "SwiftLintDemo" */;
			compatibilityVersion = "Xcode 14.0";
			developmentRegion = en;
			hasScannedForEncodings = 0;
			knownRegions = (
				en,
				Base,
			);
			mainGroup = 6A434C592AB739520031588F;
			productRefGroup = 6A434C632AB739520031588F /* Products */;
			projectDirPath = "";
			projectRoot = "";
			targets = (
				6A434C612AB739520031588F /* SwiftLintDemo */,
			);
		};
/* End PBXProject section */

/* Begin PBXResourcesBuildPhase section */
		6A434C602AB739520031588F /* Resources */ = {
			isa = PBXResourcesBuildPhase;
			buildActionMask = 2147483647;
			files = (
				6A434C722AB739540031588F /* LaunchScreen.storyboard in Resources */,
				6A434C6F2AB739540031588F /* Assets.xcassets in Resources */,
				6A434C6D2AB739520031588F /* Main.storyboard in Resources */,
			);
			runOnlyForDeploymentPostprocessing = 0;
		};
/* End PBXResourcesBuildPhase section */

/* Begin PBXShellScriptBuildPhase section */
		5D71415F75FAC2013936BBD9 /* [CP] Check Pods Manifest.lock */ = {
			isa = PBXShellScriptBuildPhase;
			buildActionMask = 2147483647;
			files = (
			);
			inputFileListPaths = (
			);
			inputPaths = (
				"${PODS_PODFILE_DIR_PATH}/Podfile.lock",
				"${PODS_ROOT}/Manifest.lock",
			);
			name = "[CP] Check Pods Manifest.lock";
			outputFileListPaths = (
			);
			outputPaths = (
				"$(DERIVED_FILE_DIR)/Pods-SwiftLintDemo-checkManifestLockResult.txt",
			);
			runOnlyForDeploymentPostprocessing = 0;
			shellPath = /bin/sh;
			shellScript = "diff \"${PODS_PODFILE_DIR_PATH}/Podfile.lock\" \"${PODS_ROOT}/Manifest.lock\" > /dev/null\nif [ $? != 0 ] ; then\n    # print error to STDERR\n    echo \"error: The sandbox is not in sync with the Podfile.lock. Run 'pod install' or update your CocoaPods installation.\" >&2\n    exit 1\nfi\n# This output is used by Xcode 'outputs' to avoid re-running this script phase.\necho \"SUCCESS\" > \"${SCRIPT_OUTPUT_FILE_0}\"\n";
			showEnvVarsInLog = 0;
		};
		6A434C792AB739D70031588F /* SwiftLint */ = {
			isa = PBXShellScriptBuildPhase;
			buildActionMask = 2147483647;
			files = (
			);
			inputFileListPaths = (
			);
			inputPaths = (
			);
			name = SwiftLint;
			outputFileListPaths = (
			);
			outputPaths = (
			);
			runOnlyForDeploymentPostprocessing = 0;
			shellPath = /bin/sh;
			shellScript = "# Type a script or drag a script file from your workspace to insert its path.\nif [[ \"$(uname -m)\" == arm64 ]]; then\n    export PATH=\"/opt/homebrew/bin:$PATH\"\nfi\n\nif which swiftlint > /dev/null; then\n  #swiftlint \n  swiftlint --config \"$SRCROOT/.swiftlint.yml\"\nelse\n  echo \"warning: SwiftLint not installed, download from https://github.com/realm/SwiftLint\"\n  exit 1\nfi\n";
		};
/* End PBXShellScriptBuildPhase section */

/* Begin PBXSourcesBuildPhase section */
		6A434C5E2AB739520031588F /* Sources */ = {
			isa = PBXSourcesBuildPhase;
			buildActionMask = 2147483647;
			files = (
				6A434C6A2AB739520031588F /* ViewController.swift in Sources */,
				6A434C662AB739520031588F /* AppDelegate.swift in Sources */,
				6A434C7B2AB7E2810031588F /* ViewModel.swift in Sources */,
				6A434C682AB739520031588F /* SceneDelegate.swift in Sources */,
			);
			runOnlyForDeploymentPostprocessing = 0;
		};
/* End PBXSourcesBuildPhase section */

/* Begin PBXVariantGroup section */
		6A434C6B2AB739520031588F /* Main.storyboard */ = {
			isa = PBXVariantGroup;
			children = (
				6A434C6C2AB739520031588F /* Base */,
			);
			name = Main.storyboard;
			sourceTree = "<group>";
		};
		6A434C702AB739540031588F /* LaunchScreen.storyboard */ = {
			isa = PBXVariantGroup;
			children = (
				6A434C712AB739540031588F /* Base */,
			);
			name = LaunchScreen.storyboard;
			sourceTree = "<group>";
		};
/* End PBXVariantGroup section */

/* Begin XCBuildConfiguration section */
		6A434C742AB739540031588F /* Debug */ = {
			isa = XCBuildConfiguration;
			buildSettings = {
				ALWAYS_SEARCH_USER_PATHS = NO;
				CLANG_ANALYZER_NONNULL = YES;
				CLANG_ANALYZER_NUMBER_OBJECT_CONVERSION = YES_AGGRESSIVE;
				CLANG_CXX_LANGUAGE_STANDARD = "gnu++20";
				CLANG_ENABLE_MODULES = YES;
				CLANG_ENABLE_OBJC_ARC = YES;
				CLANG_ENABLE_OBJC_WEAK = YES;
				CLANG_WARN_BLOCK_CAPTURE_AUTORELEASING = YES;
				CLANG_WARN_BOOL_CONVERSION = YES;
				CLANG_WARN_COMMA = YES;
				CLANG_WARN_CONSTANT_CONVERSION = YES;
				CLANG_WARN_DEPRECATED_OBJC_IMPLEMENTATIONS = YES;
				CLANG_WARN_DIRECT_OBJC_ISA_USAGE = YES_ERROR;
				CLANG_WARN_DOCUMENTATION_COMMENTS = YES;
				CLANG_WARN_EMPTY_BODY = YES;
				CLANG_WARN_ENUM_CONVERSION = YES;
				CLANG_WARN_INFINITE_RECURSION = YES;
				CLANG_WARN_INT_CONVERSION = YES;
				CLANG_WARN_NON_LITERAL_NULL_CONVERSION = YES;
				CLANG_WARN_OBJC_IMPLICIT_RETAIN_SELF = YES;
				CLANG_WARN_OBJC_LITERAL_CONVERSION = YES;
				CLANG_WARN_OBJC_ROOT_CLASS = YES_ERROR;
				CLANG_WARN_QUOTED_INCLUDE_IN_FRAMEWORK_HEADER = YES;
				CLANG_WARN_RANGE_LOOP_ANALYSIS = YES;
				CLANG_WARN_STRICT_PROTOTYPES = YES;
				CLANG_WARN_SUSPICIOUS_MOVE = YES;
				CLANG_WARN_UNGUARDED_AVAILABILITY = YES_AGGRESSIVE;
				CLANG_WARN_UNREACHABLE_CODE = YES;
				CLANG_WARN__DUPLICATE_METHOD_MATCH = YES;
				COPY_PHASE_STRIP = NO;
				DEBUG_INFORMATION_FORMAT = dwarf;
				ENABLE_STRICT_OBJC_MSGSEND = YES;
				ENABLE_TESTABILITY = YES;
				GCC_C_LANGUAGE_STANDARD = gnu11;
				GCC_DYNAMIC_NO_PIC = NO;
				GCC_NO_COMMON_BLOCKS = YES;
				GCC_OPTIMIZATION_LEVEL = 0;
				GCC_PREPROCESSOR_DEFINITIONS = (
					"DEBUG=1",
					"$(inherited)",
				);
				GCC_WARN_64_TO_32_BIT_CONVERSION = YES;
				GCC_WARN_ABOUT_RETURN_TYPE = YES_ERROR;
				GCC_WARN_UNDECLARED_SELECTOR = YES;
				GCC_WARN_UNINITIALIZED_AUTOS = YES_AGGRESSIVE;
				GCC_WARN_UNUSED_FUNCTION = YES;
				GCC_WARN_UNUSED_VARIABLE = YES;
				IPHONEOS_DEPLOYMENT_TARGET = 16.4;
				MTL_ENABLE_DEBUG_INFO = INCLUDE_SOURCE;
				MTL_FAST_MATH = YES;
				ONLY_ACTIVE_ARCH = YES;
				SDKROOT = iphoneos;
				SWIFT_ACTIVE_COMPILATION_CONDITIONS = DEBUG;
				SWIFT_OPTIMIZATION_LEVEL = "-Onone";
			};
			name = Debug;
		};
		6A434C752AB739540031588F /* Release */ = {
			isa = XCBuildConfiguration;
			buildSettings = {
				ALWAYS_SEARCH_USER_PATHS = NO;
				CLANG_ANALYZER_NONNULL = YES;
				CLANG_ANALYZER_NUMBER_OBJECT_CONVERSION = YES_AGGRESSIVE;
				CLANG_CXX_LANGUAGE_STANDARD = "gnu++20";
				CLANG_ENABLE_MODULES = YES;
				CLANG_ENABLE_OBJC_ARC = YES;
				CLANG_ENABLE_OBJC_WEAK = YES;
				CLANG_WARN_BLOCK_CAPTURE_AUTORELEASING = YES;
				CLANG_WARN_BOOL_CONVERSION = YES;
				CLANG_WARN_COMMA = YES;
				CLANG_WARN_CONSTANT_CONVERSION = YES;
				CLANG_WARN_DEPRECATED_OBJC_IMPLEMENTATIONS = YES;
				CLANG_WARN_DIRECT_OBJC_ISA_USAGE = YES_ERROR;
				CLANG_WARN_DOCUMENTATION_COMMENTS = YES;
				CLANG_WARN_EMPTY_BODY = YES;
				CLANG_WARN_ENUM_CONVERSION = YES;
				CLANG_WARN_INFINITE_RECURSION = YES;
				CLANG_WARN_INT_CONVERSION = YES;
				CLANG_WARN_NON_LITERAL_NULL_CONVERSION = YES;
				CLANG_WARN_OBJC_IMPLICIT_RETAIN_SELF = YES;
				CLANG_WARN_OBJC_LITERAL_CONVERSION = YES;
				CLANG_WARN_OBJC_ROOT_CLASS = YES_ERROR;
				CLANG_WARN_QUOTED_INCLUDE_IN_FRAMEWORK_HEADER = YES;
				CLANG_WARN_RANGE_LOOP_ANALYSIS = YES;
				CLANG_WARN_STRICT_PROTOTYPES = YES;
				CLANG_WARN_SUSPICIOUS_MOVE = YES;
				CLANG_WARN_UNGUARDED_AVAILABILITY = YES_AGGRESSIVE;
				CLANG_WARN_UNREACHABLE_CODE = YES;
				CLANG_WARN__DUPLICATE_METHOD_MATCH = YES;
				COPY_PHASE_STRIP = NO;
				DEBUG_INFORMATION_FORMAT = "dwarf-with-dsym";
				ENABLE_NS_ASSERTIONS = NO;
				ENABLE_STRICT_OBJC_MSGSEND = YES;
				GCC_C_LANGUAGE_STANDARD = gnu11;
				GCC_NO_COMMON_BLOCKS = YES;
				GCC_WARN_64_TO_32_BIT_CONVERSION = YES;
				GCC_WARN_ABOUT_RETURN_TYPE = YES_ERROR;
				GCC_WARN_UNDECLARED_SELECTOR = YES;
				GCC_WARN_UNINITIALIZED_AUTOS = YES_AGGRESSIVE;
				GCC_WARN_UNUSED_FUNCTION = YES;
				GCC_WARN_UNUSED_VARIABLE = YES;
				IPHONEOS_DEPLOYMENT_TARGET = 16.4;
				MTL_ENABLE_DEBUG_INFO = NO;
				MTL_FAST_MATH = YES;
				SDKROOT = iphoneos;
				SWIFT_COMPILATION_MODE = wholemodule;
				SWIFT_OPTIMIZATION_LEVEL = "-O";
				VALIDATE_PRODUCT = YES;
			};
			name = Release;
		};
		6A434C772AB739540031588F /* Debug */ = {
			isa = XCBuildConfiguration;
			baseConfigurationReference = 85A2DE10D9FBB6B151F0D83C /* Pods-SwiftLintDemo.debug.xcconfig */;
			buildSettings = {
				ASSETCATALOG_COMPILER_APPICON_NAME = AppIcon;
				ASSETCATALOG_COMPILER_GLOBAL_ACCENT_COLOR_NAME = AccentColor;
				CODE_SIGN_STYLE = Automatic;
				CURRENT_PROJECT_VERSION = 1;
				DEVELOPMENT_TEAM = 3JF38H23W8;
				GENERATE_INFOPLIST_FILE = YES;
				INFOPLIST_FILE = SwiftLintDemo/Info.plist;
				INFOPLIST_KEY_UIApplicationSupportsIndirectInputEvents = YES;
				INFOPLIST_KEY_UILaunchStoryboardName = LaunchScreen;
				INFOPLIST_KEY_UIMainStoryboardFile = Main;
				INFOPLIST_KEY_UISupportedInterfaceOrientations_iPad = "UIInterfaceOrientationPortrait UIInterfaceOrientationPortraitUpsideDown UIInterfaceOrientationLandscapeLeft UIInterfaceOrientationLandscapeRight";
				INFOPLIST_KEY_UISupportedInterfaceOrientations_iPhone = "UIInterfaceOrientationPortrait UIInterfaceOrientationLandscapeLeft UIInterfaceOrientationLandscapeRight";
				LD_RUNPATH_SEARCH_PATHS = (
					"$(inherited)",
					"@executable_path/Frameworks",
				);
				MARKETING_VERSION = 1.0;
				PRODUCT_BUNDLE_IDENTIFIER = com.ficow.SwiftLintDemo;
				PRODUCT_NAME = "$(TARGET_NAME)";
				SWIFT_EMIT_LOC_STRINGS = YES;
				SWIFT_VERSION = 5.0;
				TARGETED_DEVICE_FAMILY = "1,2";
			};
			name = Debug;
		};
		6A434C782AB739540031588F /* Release */ = {
			isa = XCBuildConfiguration;
			baseConfigurationReference = 61DA635C88E5FE904DEA2EB2 /* Pods-SwiftLintDemo.release.xcconfig */;
			buildSettings = {
				ASSETCATALOG_COMPILER_APPICON_NAME = AppIcon;
				ASSETCATALOG_COMPILER_GLOBAL_ACCENT_COLOR_NAME = AccentColor;
				CODE_SIGN_STYLE = Automatic;
				CURRENT_PROJECT_VERSION = 1;
				DEVELOPMENT_TEAM = 3JF38H23W8;
				GENERATE_INFOPLIST_FILE = YES;
				INFOPLIST_FILE = SwiftLintDemo/Info.plist;
				INFOPLIST_KEY_UIApplicationSupportsIndirectInputEvents = YES;
				INFOPLIST_KEY_UILaunchStoryboardName = LaunchScreen;
				INFOPLIST_KEY_UIMainStoryboardFile = Main;
				INFOPLIST_KEY_UISupportedInterfaceOrientations_iPad = "UIInterfaceOrientationPortrait UIInterfaceOrientationPortraitUpsideDown UIInterfaceOrientationLandscapeLeft UIInterfaceOrientationLandscapeRight";
				INFOPLIST_KEY_UISupportedInterfaceOrientations_iPhone = "UIInterfaceOrientationPortrait UIInterfaceOrientationLandscapeLeft UIInterfaceOrientationLandscapeRight";
				LD_RUNPATH_SEARCH_PATHS = (
					"$(inherited)",
					"@executable_path/Frameworks",
				);
				MARKETING_VERSION = 1.0;
				PRODUCT_BUNDLE_IDENTIFIER = com.ficow.SwiftLintDemo;
				PRODUCT_NAME = "$(TARGET_NAME)";
				SWIFT_EMIT_LOC_STRINGS = YES;
				SWIFT_VERSION = 5.0;
				TARGETED_DEVICE_FAMILY = "1,2";
			};
			name = Release;
		};
/* End XCBuildConfiguration section */

/* Begin XCConfigurationList section */
		6A434C5D2AB739520031588F /* Build configuration list for PBXProject "SwiftLintDemo" */ = {
			isa = XCConfigurationList;
			buildConfigurations = (
				6A434C742AB739540031588F /* Debug */,
				6A434C752AB739540031588F /* Release */,
			);
			defaultConfigurationIsVisible = 0;
			defaultConfigurationName = Release;
		};
		6A434C762AB739540031588F /* Build configuration list for PBXNativeTarget "SwiftLintDemo" */ = {
			isa = XCConfigurationList;
			buildConfigurations = (
				6A434C772AB739540031588F /* Debug */,
				6A434C782AB739540031588F /* Release */,
			);
			defaultConfigurationIsVisible = 0;
			defaultConfigurationName = Release;
		};
/* End XCConfigurationList section */
	};
	rootObject = 6A434C5A2AB739520031588F /* Project object */;
}
